github.com/uhppoted/uhppote-core v0.8.11 h1:VYKJYvMB9EOQ9Rs6ODc+KMc332heqD+N92XpZPzHtCk=
github.com/uhppoted/uhppote-core v0.8.11/go.mod h1:s6QikGwy+nS7nZjgba/k8ugszVreqgqGg7oxDgnLLGg=
golang.org/x/time v0.9.0 h1:EsRrnYcQiGH+5FfbgvV4AP7qEZstoyrHB0DzarOQ4ZY=
golang.org/x/time v0.9.0/go.mod h1:3BpzKBy/shNhVucY/MWOyx10tF3SFh9QdLuxbVysPQM=
